
Microsoft Visual Studio Solution File, Format Version 12.00
# Visual Studio Version 16
VisualStudioVersion = 16.0.31313.79
MinimumVisualStudioVersion = 10.0.40219.1
Project("{FAE04EC0-301F-11D3-BF4B-00C04F79EFBC}") = "052", "052\052.csproj", "{30718A9A-C216-4DF3-95DF-06A76BD3ED8A}"
EndProject
Global
	GlobalSection(SolutionConfigurationPlatforms) = preSolution
		Debug|Any CPU = Debug|Any CPU
		Release|Any CPU = Release|Any CPU
	EndGlobalSection
	GlobalSection(ProjectConfigurationPlatforms) = postSolution
		{30718A9A-C216-4DF3-95DF-06A76BD3ED8A}.Debug|Any CPU.ActiveCfg = Debug|Any CPU
		{30718A9A-C216-4DF3-95DF-06A76BD3ED8A}.Debug|Any CPU.Build.0 = Debug|Any CPU
		{30718A9A-C216-4DF3-95DF-06A76BD3ED8A}.Release|Any CPU.ActiveCfg = Release|Any CPU
		{30718A9A-C216-4DF3-95DF-06A76BD3ED8A}.Release|Any CPU.Build.0 = Release|Any CPU
	EndGlobalSection
	GlobalSection(SolutionProperties) = preSolution
		HideSolutionNode = FALSE
	EndGlobalSection
	GlobalSection(ExtensibilityGlobals) = postSolution
		SolutionGuid = {FFF7856A-902A-486D-9992-C2A2888204C2}
	EndGlobalSection
EndGlobal
